Microsoft Visual Studio Solution File, Format Version 12.00
# Visual Studio 2012
Project("{FAE04EC0-301F-11D3-BF4B-00C04F79EFBC}") = "GodotInGameBuildingSystem", "GodotInGameBuildingSystem.csproj", "{0E6C5831-E485-445B-97D4-34B5EFBAC8DA}"
EndProject
Global
	GlobalSection(SolutionConfigurationPlatforms) = preSolution
	Debug|Any CPU = Debug|Any CPU
	ExportDebug|Any CPU = ExportDebug|Any CPU
	ExportRelease|Any CPU = ExportRelease|Any CPU
	EndGlobalSection
	GlobalSection(ProjectConfigurationPlatforms) = postSolution
		{0E6C5831-E485-445B-97D4-34B5EFBAC8DA}.Debug|Any CPU.ActiveCfg = Debug|Any CPU
		{0E6C5831-E485-445B-97D4-34B5EFBAC8DA}.Debug|Any CPU.Build.0 = Debug|Any CPU
		{0E6C5831-E485-445B-97D4-34B5EFBAC8DA}.ExportDebug|Any CPU.ActiveCfg = ExportDebug|Any CPU
		{0E6C5831-E485-445B-97D4-34B5EFBAC8DA}.ExportDebug|Any CPU.Build.0 = ExportDebug|Any CPU
		{0E6C5831-E485-445B-97D4-34B5EFBAC8DA}.ExportRelease|Any CPU.ActiveCfg = ExportRelease|Any CPU
		{0E6C5831-E485-445B-97D4-34B5EFBAC8DA}.ExportRelease|Any CPU.Build.0 = ExportRelease|Any CPU
	EndGlobalSection
EndGlobal
